
Microsoft Visual Studio Solution File, Format Version 12.00
# Visual Studio Version 17
VisualStudioVersion = 17.2.32630.192
MinimumVisualStudioVersion = 10.0.40219.1
Project("{FAE04EC0-301F-11D3-BF4B-00C04F79EFBC}") = "ImageClassification", "ImageClassification.csproj", "{9CAB6BF1-182E-44F5-A783-FEAE7D01D9D7}"
EndProject
Global
	GlobalSection(SolutionConfigurationPlatforms) = preSolution
		Debug|Any CPU = Debug|Any CPU
		Release|Any CPU = Release|Any CPU
	EndGlobalSection
	GlobalSection(ProjectConfigurationPlatforms) = postSolution
		{9CAB6BF1-182E-44F5-A783-FEAE7D01D9D7}.Debug|Any CPU.ActiveCfg = Debug|Any CPU
		{9CAB6BF1-182E-44F5-A783-FEAE7D01D9D7}.Debug|Any CPU.Build.0 = Debug|Any CPU
		{9CAB6BF1-182E-44F5-A783-FEAE7D01D9D7}.Release|Any CPU.ActiveCfg = Release|Any CPU
		{9CAB6BF1-182E-44F5-A783-FEAE7D01D9D7}.Release|Any CPU.Build.0 = Release|Any CPU
	EndGlobalSection
	GlobalSection(SolutionProperties) = preSolution
		HideSolutionNode = FALSE
	EndGlobalSection
	GlobalSection(ExtensibilityGlobals) = postSolution
		SolutionGuid = {B7F6B0AC-37CF-43FD-9D73-DC8C7B1D5AD1}
	EndGlobalSection
EndGlobal
