
Microsoft Visual Studio Solution File, Format Version 12.00
# Visual Studio Version 17
VisualStudioVersion = 17.8.34322.80
MinimumVisualStudioVersion = 10.0.40219.1
Project("{FAE04EC0-301F-11D3-BF4B-00C04F79EFBC}") = "TorchSharpSD", "TorchSharpSD.csproj", "{EBE9B272-10A8-43A8-9C7F-6F6F71864489}"
EndProject
Global
	GlobalSection(SolutionConfigurationPlatforms) = preSolution
		Debug|Any CPU = Debug|Any CPU
		Release|Any CPU = Release|Any CPU
	EndGlobalSection
	GlobalSection(ProjectConfigurationPlatforms) = postSolution
		{EBE9B272-10A8-43A8-9C7F-6F6F71864489}.Debug|Any CPU.ActiveCfg = Debug|Any CPU
		{EBE9B272-10A8-43A8-9C7F-6F6F71864489}.Debug|Any CPU.Build.0 = Debug|Any CPU
		{EBE9B272-10A8-43A8-9C7F-6F6F71864489}.Release|Any CPU.ActiveCfg = Release|Any CPU
		{EBE9B272-10A8-43A8-9C7F-6F6F71864489}.Release|Any CPU.Build.0 = Release|Any CPU
	EndGlobalSection
	GlobalSection(SolutionProperties) = preSolution
		HideSolutionNode = FALSE
	EndGlobalSection
	GlobalSection(ExtensibilityGlobals) = postSolution
		SolutionGuid = {4F9D0E35-A7C0-496E-867E-938327BCE9DC}
	EndGlobalSection
EndGlobal
