
Microsoft Visual Studio Solution File, Format Version 12.00
# Visual Studio Version 16
VisualStudioVersion = 16.0.31605.320
MinimumVisualStudioVersion = 10.0.40219.1
Project("{FAE04EC0-301F-11D3-BF4B-00C04F79EFBC}") = "AIMA", "AIMA.csproj", "{EC1DC4B7-A05B-47CD-ACA0-66FEA4A4ACBC}"
EndProject
Global
	GlobalSection(SolutionConfigurationPlatforms) = preSolution
		Debug|Any CPU = Debug|Any CPU
		Release|Any CPU = Release|Any CPU
	EndGlobalSection
	GlobalSection(ProjectConfigurationPlatforms) = postSolution
		{EC1DC4B7-A05B-47CD-ACA0-66FEA4A4ACBC}.Debug|Any CPU.ActiveCfg = Debug|Any CPU
		{EC1DC4B7-A05B-47CD-ACA0-66FEA4A4ACBC}.Debug|Any CPU.Build.0 = Debug|Any CPU
		{EC1DC4B7-A05B-47CD-ACA0-66FEA4A4ACBC}.Release|Any CPU.ActiveCfg = Release|Any CPU
		{EC1DC4B7-A05B-47CD-ACA0-66FEA4A4ACBC}.Release|Any CPU.Build.0 = Release|Any CPU
	EndGlobalSection
	GlobalSection(SolutionProperties) = preSolution
		HideSolutionNode = FALSE
	EndGlobalSection
	GlobalSection(ExtensibilityGlobals) = postSolution
		SolutionGuid = {0CCF8634-28A7-43E8-B48C-8A69F54E8165}
	EndGlobalSection
EndGlobal
