
Microsoft Visual Studio Solution File, Format Version 12.00
# Visual Studio Version 17
VisualStudioVersion = 17.7.34031.279
MinimumVisualStudioVersion = 10.0.40219.1
Project("{FAE04EC0-301F-11D3-BF4B-00C04F79EFBC}") = "AzureOpenAI", "AzureOpenAI.csproj", "{14CA38C5-AB28-4066-8ACB-9DB477685BD8}"
EndProject
Global
	GlobalSection(SolutionConfigurationPlatforms) = preSolution
		Debug|Any CPU = Debug|Any CPU
		Release|Any CPU = Release|Any CPU
	EndGlobalSection
	GlobalSection(ProjectConfigurationPlatforms) = postSolution
		{14CA38C5-AB28-4066-8ACB-9DB477685BD8}.Debug|Any CPU.ActiveCfg = Debug|Any CPU
		{14CA38C5-AB28-4066-8ACB-9DB477685BD8}.Debug|Any CPU.Build.0 = Debug|Any CPU
		{14CA38C5-AB28-4066-8ACB-9DB477685BD8}.Release|Any CPU.ActiveCfg = Release|Any CPU
		{14CA38C5-AB28-4066-8ACB-9DB477685BD8}.Release|Any CPU.Build.0 = Release|Any CPU
	EndGlobalSection
	GlobalSection(SolutionProperties) = preSolution
		HideSolutionNode = FALSE
	EndGlobalSection
	GlobalSection(ExtensibilityGlobals) = postSolution
		SolutionGuid = {1F13A8EB-8913-4D67-B135-FED09CF01871}
	EndGlobalSection
EndGlobal
