
Microsoft Visual Studio Solution File, Format Version 12.00
# Visual Studio Version 16
VisualStudioVersion = 16.0.31005.135
MinimumVisualStudioVersion = 10.0.40219.1
Project("{FAE04EC0-301F-11D3-BF4B-00C04F79EFBC}") = "BasicNeuralNetwork", "BasicNeuralNetwork.csproj", "{5987C780-B20C-4FA5-94BB-09193BB91AA8}"
EndProject
Global
	GlobalSection(SolutionConfigurationPlatforms) = preSolution
		Debug|Any CPU = Debug|Any CPU
		Release|Any CPU = Release|Any CPU
	EndGlobalSection
	GlobalSection(ProjectConfigurationPlatforms) = postSolution
		{5987C780-B20C-4FA5-94BB-09193BB91AA8}.Debug|Any CPU.ActiveCfg = Debug|Any CPU
		{5987C780-B20C-4FA5-94BB-09193BB91AA8}.Debug|Any CPU.Build.0 = Debug|Any CPU
		{5987C780-B20C-4FA5-94BB-09193BB91AA8}.Release|Any CPU.ActiveCfg = Release|Any CPU
		{5987C780-B20C-4FA5-94BB-09193BB91AA8}.Release|Any CPU.Build.0 = Release|Any CPU
	EndGlobalSection
	GlobalSection(SolutionProperties) = preSolution
		HideSolutionNode = FALSE
	EndGlobalSection
	GlobalSection(ExtensibilityGlobals) = postSolution
		SolutionGuid = {02612E5C-5A28-41D5-9CC7-91AD66DD2385}
	EndGlobalSection
EndGlobal
