
Microsoft Visual Studio Solution File, Format Version 12.00
# Visual Studio Version 17
VisualStudioVersion = 17.2.32630.192
MinimumVisualStudioVersion = 10.0.40219.1
Project("{FAE04EC0-301F-11D3-BF4B-00C04F79EFBC}") = "TextClassificationTF", "TextClassificationTF.csproj", "{DDF404BB-603A-49A4-B931-AA0A44A00397}"
EndProject
Global
	GlobalSection(SolutionConfigurationPlatforms) = preSolution
		Debug|Any CPU = Debug|Any CPU
		Release|Any CPU = Release|Any CPU
	EndGlobalSection
	GlobalSection(ProjectConfigurationPlatforms) = postSolution
		{DDF404BB-603A-49A4-B931-AA0A44A00397}.Debug|Any CPU.ActiveCfg = Debug|Any CPU
		{DDF404BB-603A-49A4-B931-AA0A44A00397}.Debug|Any CPU.Build.0 = Debug|Any CPU
		{DDF404BB-603A-49A4-B931-AA0A44A00397}.Release|Any CPU.ActiveCfg = Release|Any CPU
		{DDF404BB-603A-49A4-B931-AA0A44A00397}.Release|Any CPU.Build.0 = Release|Any CPU
	EndGlobalSection
	GlobalSection(SolutionProperties) = preSolution
		HideSolutionNode = FALSE
	EndGlobalSection
	GlobalSection(ExtensibilityGlobals) = postSolution
		SolutionGuid = {609264AF-0BCC-4BD6-ABEF-03F00FD1E54B}
	EndGlobalSection
EndGlobal
