
Microsoft Visual Studio Solution File, Format Version 12.00
# Visual Studio Version 17
VisualStudioVersion = 17.2.32630.192
MinimumVisualStudioVersion = 10.0.40219.1
Project("{FAE04EC0-301F-11D3-BF4B-00C04F79EFBC}") = "ImageSegmentation", "ImageSegmentation.csproj", "{BF271E2E-A39E-47C5-91FF-ADB1A0089B1A}"
EndProject
Global
	GlobalSection(SolutionConfigurationPlatforms) = preSolution
		Debug|Any CPU = Debug|Any CPU
		Release|Any CPU = Release|Any CPU
	EndGlobalSection
	GlobalSection(ProjectConfigurationPlatforms) = postSolution
		{BF271E2E-A39E-47C5-91FF-ADB1A0089B1A}.Debug|Any CPU.ActiveCfg = Debug|Any CPU
		{BF271E2E-A39E-47C5-91FF-ADB1A0089B1A}.Debug|Any CPU.Build.0 = Debug|Any CPU
		{BF271E2E-A39E-47C5-91FF-ADB1A0089B1A}.Release|Any CPU.ActiveCfg = Release|Any CPU
		{BF271E2E-A39E-47C5-91FF-ADB1A0089B1A}.Release|Any CPU.Build.0 = Release|Any CPU
	EndGlobalSection
	GlobalSection(SolutionProperties) = preSolution
		HideSolutionNode = FALSE
	EndGlobalSection
	GlobalSection(ExtensibilityGlobals) = postSolution
		SolutionGuid = {D0600F73-F258-4BAB-AB20-E66D657C4854}
	EndGlobalSection
EndGlobal
