
Microsoft Visual Studio Solution File, Format Version 12.00
# Visual Studio Version 17
VisualStudioVersion = 17.8.34322.80
MinimumVisualStudioVersion = 10.0.40219.1
Project("{FAE04EC0-301F-11D3-BF4B-00C04F79EFBC}") = "NamedEntityRecognitionAndQuestionAnswering", "NamedEntityRecognitionAndQuestionAnswering.csproj", "{3EB6DFDA-A898-4BB0-8584-928EE74A4A4E}"
EndProject
Global
	GlobalSection(SolutionConfigurationPlatforms) = preSolution
		Debug|Any CPU = Debug|Any CPU
		Release|Any CPU = Release|Any CPU
	EndGlobalSection
	GlobalSection(ProjectConfigurationPlatforms) = postSolution
		{3EB6DFDA-A898-4BB0-8584-928EE74A4A4E}.Debug|Any CPU.ActiveCfg = Debug|Any CPU
		{3EB6DFDA-A898-4BB0-8584-928EE74A4A4E}.Debug|Any CPU.Build.0 = Debug|Any CPU
		{3EB6DFDA-A898-4BB0-8584-928EE74A4A4E}.Release|Any CPU.ActiveCfg = Release|Any CPU
		{3EB6DFDA-A898-4BB0-8584-928EE74A4A4E}.Release|Any CPU.Build.0 = Release|Any CPU
	EndGlobalSection
	GlobalSection(SolutionProperties) = preSolution
		HideSolutionNode = FALSE
	EndGlobalSection
	GlobalSection(ExtensibilityGlobals) = postSolution
		SolutionGuid = {D7FFD369-F257-405C-B72D-44420AA936E4}
	EndGlobalSection
EndGlobal
