
Microsoft Visual Studio Solution File, Format Version 12.00
# Visual Studio Version 17
VisualStudioVersion = 17.2.32519.379
MinimumVisualStudioVersion = 10.0.40219.1
Project("{FAE04EC0-301F-11D3-BF4B-00C04F79EFBC}") = "NLP", "NLP.csproj", "{68893638-8067-4040-A676-9C015BC0BCFA}"
EndProject
Project("{FAE04EC0-301F-11D3-BF4B-00C04F79EFBC}") = "NLPTest", "NLPTest\NLPTest.csproj", "{34C26E8F-6A82-4087-9F5F-684070CD4EEF}"
EndProject
Global
	GlobalSection(SolutionConfigurationPlatforms) = preSolution
		Debug|Any CPU = Debug|Any CPU
		Release|Any CPU = Release|Any CPU
	EndGlobalSection
	GlobalSection(ProjectConfigurationPlatforms) = postSolution
		{68893638-8067-4040-A676-9C015BC0BCFA}.Debug|Any CPU.ActiveCfg = Debug|Any CPU
		{68893638-8067-4040-A676-9C015BC0BCFA}.Debug|Any CPU.Build.0 = Debug|Any CPU
		{68893638-8067-4040-A676-9C015BC0BCFA}.Release|Any CPU.ActiveCfg = Release|Any CPU
		{68893638-8067-4040-A676-9C015BC0BCFA}.Release|Any CPU.Build.0 = Release|Any CPU
		{34C26E8F-6A82-4087-9F5F-684070CD4EEF}.Debug|Any CPU.ActiveCfg = Debug|Any CPU
		{34C26E8F-6A82-4087-9F5F-684070CD4EEF}.Debug|Any CPU.Build.0 = Debug|Any CPU
		{34C26E8F-6A82-4087-9F5F-684070CD4EEF}.Release|Any CPU.ActiveCfg = Release|Any CPU
		{34C26E8F-6A82-4087-9F5F-684070CD4EEF}.Release|Any CPU.Build.0 = Release|Any CPU
	EndGlobalSection
	GlobalSection(SolutionProperties) = preSolution
		HideSolutionNode = FALSE
	EndGlobalSection
	GlobalSection(ExtensibilityGlobals) = postSolution
		SolutionGuid = {F11F7302-937F-41DA-8DCE-85D68272FCE1}
	EndGlobalSection
EndGlobal
