
Microsoft Visual Studio Solution File, Format Version 12.00
# Visual Studio Version 16
VisualStudioVersion = 16.0.31005.135
MinimumVisualStudioVersion = 10.0.40219.1
Project("{FAE04EC0-301F-11D3-BF4B-00C04F79EFBC}") = "MulticlassClassification_Iris", "MulticlassClassification_Iris.csproj", "{8FF421D7-CCB2-4AA4-A60A-3CB5CE46D9D4}"
EndProject
Global
	GlobalSection(SolutionConfigurationPlatforms) = preSolution
		Debug|Any CPU = Debug|Any CPU
		Release|Any CPU = Release|Any CPU
	EndGlobalSection
	GlobalSection(ProjectConfigurationPlatforms) = postSolution
		{8FF421D7-CCB2-4AA4-A60A-3CB5CE46D9D4}.Debug|Any CPU.ActiveCfg = Debug|Any CPU
		{8FF421D7-CCB2-4AA4-A60A-3CB5CE46D9D4}.Debug|Any CPU.Build.0 = Debug|Any CPU
		{8FF421D7-CCB2-4AA4-A60A-3CB5CE46D9D4}.Release|Any CPU.ActiveCfg = Release|Any CPU
		{8FF421D7-CCB2-4AA4-A60A-3CB5CE46D9D4}.Release|Any CPU.Build.0 = Release|Any CPU
	EndGlobalSection
	GlobalSection(SolutionProperties) = preSolution
		HideSolutionNode = FALSE
	EndGlobalSection
	GlobalSection(ExtensibilityGlobals) = postSolution
		SolutionGuid = {8D9B9A60-646E-43D8-BCBA-61EEBD785466}
	EndGlobalSection
EndGlobal
